// !$*UTF8*$!
{
	archiveVersion = 1;
	classes = {
	};
	objectVersion = 50;
	objects = {

/* Begin PBXBuildFile section */
		245E49682270127100C87825 /* ListsControllerViewController.swift in Sources */ = {isa = PBXBuildFile; fileRef = 245E49672270127100C87825 /* ListsControllerViewController.swift */; };
		248DECB522681903007ED3DE /* BaseSliderViewController.swift in Sources */ = {isa = PBXBuildFile; fileRef = 248DECB422681903007ED3DE /* BaseSliderViewController.swift */; };
		24D3CEC42271511A00A7047E /* BookmarksViewController.swift in Sources */ = {isa = PBXBuildFile; fileRef = 24D3CEC32271511A00A7047E /* BookmarksViewController.swift */; };
		24D3CEC622717B0C00A7047E /* TwitterMenuTableViewController.swift in Sources */ = {isa = PBXBuildFile; fileRef = 24D3CEC522717B0C00A7047E /* TwitterMenuTableViewController.swift */; };
		24D3CEC82271896600A7047E /* MenuTableViewCell.swift in Sources */ = {isa = PBXBuildFile; fileRef = 24D3CEC72271896600A7047E /* MenuTableViewCell.swift */; };
		24E2CD8A226AFFC6008A8E6A /* MenuHeaderView.swift in Sources */ = {isa = PBXBuildFile; fileRef = 24E2CD89226AFFC6008A8E6A /* MenuHeaderView.swift */; };
		24E2CD8C226B076E008A8E6A /* ElementSpacer.swift in Sources */ = {isa = PBXBuildFile; fileRef = 24E2CD8B226B076E008A8E6A /* ElementSpacer.swift */; };
		24E2CD8E226EA34E008A8E6A /* SizedImageView.swift in Sources */ = {isa = PBXBuildFile; fileRef = 24E2CD8D226EA34E008A8E6A /* SizedImageView.swift */; };
		24E2CD90226EB3DE008A8E6A /* MenuItemCellTableViewCell.swift in Sources */ = {isa = PBXBuildFile; fileRef = 24E2CD8F226EB3DE008A8E6A /* MenuItemCellTableViewCell.swift */; };
		24E2CD92226EC9BD008A8E6A /* IconImageView.swift in Sources */ = {isa = PBXBuildFile; fileRef = 24E2CD91226EC9BC008A8E6A /* IconImageView.swift */; };
		24EF953D225A8FDB00BA8586 /* AppDelegate.swift in Sources */ = {isa = PBXBuildFile; fileRef = 24EF953C225A8FDB00BA8586 /* AppDelegate.swift */; };
		24EF953F225A8FDB00BA8586 /* ViewController.swift in Sources */ = {isa = PBXBuildFile; fileRef = 24EF953E225A8FDB00BA8586 /* ViewController.swift */; };
		24EF9544225A8FE000BA8586 /* Assets.xcassets in Resources */ = {isa = PBXBuildFile; fileRef = 24EF9543225A8FE000BA8586 /* Assets.xcassets */; };
		24EF9547225A8FE000BA8586 /* LaunchScreen.storyboard in Resources */ = {isa = PBXBuildFile; fileRef = 24EF9545225A8FE000BA8586 /* LaunchScreen.storyboard */; };
		24EF955D225AC02F00BA8586 /* MenuTableViewController.swift in Sources */ = {isa = PBXBuildFile; fileRef = 24EF955C225AC02F00BA8586 /* MenuTableViewController.swift */; };
/* End PBXBuildFile section */

/* Begin PBXContainerItemProxy section */
		24EF954E225A8FE100BA8586 /* PBXContainerItemProxy */ = {
			isa = PBXContainerItemProxy;
			containerPortal = 24EF9531225A8FDB00BA8586 /* Project object */;
			proxyType = 1;
			remoteGlobalIDString = 24EF9538225A8FDB00BA8586;
			remoteInfo = TwitterMenuSlideOut_UI;
		};
/* End PBXContainerItemProxy section */

/* Begin PBXFileReference section */
		245E49672270127100C87825 /* ListsControllerViewController.swift */ = {isa = PBXFileReference; lastKnownFileType = sourcecode.swift; path = ListsControllerViewController.swift; sourceTree = "<group>"; };
		248DECB422681903007ED3DE /* BaseSliderViewController.swift */ = {isa = PBXFileReference; lastKnownFileType = sourcecode.swift; path = BaseSliderViewController.swift; sourceTree = "<group>"; };
		24D3CEC32271511A00A7047E /* BookmarksViewController.swift */ = {isa = PBXFileReference; lastKnownFileType = sourcecode.swift; path = BookmarksViewController.swift; sourceTree = "<group>"; };
		24D3CEC522717B0C00A7047E /* TwitterMenuTableViewController.swift */ = {isa = PBXFileReference; lastKnownFileType = sourcecode.swift; path = TwitterMenuTableViewController.swift; sourceTree = "<group>"; };
		24D3CEC72271896600A7047E /* MenuTableViewCell.swift */ = {isa = PBXFileReference; lastKnownFileType = sourcecode.swift; path = MenuTableViewCell.swift; sourceTree = "<group>"; };
		24E2CD89226AFFC6008A8E6A /* MenuHeaderView.swift */ = {isa = PBXFileReference; lastKnownFileType = sourcecode.swift; name = MenuHeaderView.swift; path = TwitterMenuSlideOut_UI/MenuHeaderView.swift; sourceTree = "<group>"; };
		24E2CD8B226B076E008A8E6A /* ElementSpacer.swift */ = {isa = PBXFileReference; lastKnownFileType = sourcecode.swift; path = ElementSpacer.swift; sourceTree = "<group>"; };
		24E2CD8D226EA34E008A8E6A /* SizedImageView.swift */ = {isa = PBXFileReference; lastKnownFileType = sourcecode.swift; name = SizedImageView.swift; path = TwitterMenuSlideOut_UI/SizedImageView.swift; sourceTree = "<group>"; };
		24E2CD8F226EB3DE008A8E6A /* MenuItemCellTableViewCell.swift */ = {isa = PBXFileReference; lastKnownFileType = sourcecode.swift; name = MenuItemCellTableViewCell.swift; path = TwitterMenuSlideOut_UI/MenuItemCellTableViewCell.swift; sourceTree = "<group>"; };
		24E2CD91226EC9BC008A8E6A /* IconImageView.swift */ = {isa = PBXFileReference; lastKnownFileType = sourcecode.swift; path = IconImageView.swift; sourceTree = "<group>"; };
		24EF9539225A8FDB00BA8586 /* TwitterMenuSlideOut_UI.app */ = {isa = PBXFileReference; explicitFileType = wrapper.application; includeInIndex = 0; path = TwitterMenuSlideOut_UI.app; sourceTree = BUILT_PRODUCTS_DIR; };
		24EF953C225A8FDB00BA8586 /* AppDelegate.swift */ = {isa = PBXFileReference; lastKnownFileType = sourcecode.swift; path = AppDelegate.swift; sourceTree = "<group>"; };
		24EF953E225A8FDB00BA8586 /* ViewController.swift */ = {isa = PBXFileReference; lastKnownFileType = sourcecode.swift; path = ViewController.swift; sourceTree = "<group>"; };
		24EF9543225A8FE000BA8586 /* Assets.xcassets */ = {isa = PBXFileReference; lastKnownFileType = folder.assetcatalog; path = Assets.xcassets; sourceTree = "<group>"; };
		24EF9546225A8FE000BA8586 /* Base */ = {isa = PBXFileReference; lastKnownFileType = file.storyboard; name = Base; path = Base.lproj/LaunchScreen.storyboard; sourceTree = "<group>"; };
		24EF9548225A8FE100BA8586 /* Info.plist */ = {isa = PBXFileReference; lastKnownFileType = text.plist.xml; path = Info.plist; sourceTree = "<group>"; };
		24EF954D225A8FE100BA8586 /* TwitterMenuSlideOut_UIUITests.xctest */ = {isa = PBXFileReference; explicitFileType = wrapper.cfbundle; includeInIndex = 0; path = TwitterMenuSlideOut_UIUITests.xctest; sourceTree = BUILT_PRODUCTS_DIR; };
		24EF955C225AC02F00BA8586 /* MenuTableViewController.swift */ = {isa = PBXFileReference; lastKnownFileType = sourcecode.swift; path = MenuTableViewController.swift; sourceTree = "<group>"; };
/* End PBXFileReference section */

/* Begin PBXFrameworksBuildPhase section */
		24EF9536225A8FDB00BA8586 /* Frameworks */ = {
			isa = PBXFrameworksBuildPhase;
			buildActionMask = 2147483647;
			files = (
			);
			runOnlyForDeploymentPostprocessing = 0;
		};
		24EF954A225A8FE100BA8586 /* Frameworks */ = {
			isa = PBXFrameworksBuildPhase;
			buildActionMask = 2147483647;
			files = (
			);
			runOnlyForDeploymentPostprocessing = 0;
		};
/* End PBXFrameworksBuildPhase section */

/* Begin PBXGroup section */
		248DECB3226818DD007ED3DE /* BaseController */ = {
			isa = PBXGroup;
			children = (
				248DECB422681903007ED3DE /* BaseSliderViewController.swift */,
			);
			path = BaseController;
			sourceTree = "<group>";
		};
		24EF9530225A8FDB00BA8586 = {
			isa = PBXGroup;
			children = (
				24D3CEC72271896600A7047E /* MenuTableViewCell.swift */,
				24D3CEC522717B0C00A7047E /* TwitterMenuTableViewController.swift */,
				24D3CEC32271511A00A7047E /* BookmarksViewController.swift */,
				245E49672270127100C87825 /* ListsControllerViewController.swift */,
				24E2CD91226EC9BC008A8E6A /* IconImageView.swift */,
				24E2CD8F226EB3DE008A8E6A /* MenuItemCellTableViewCell.swift */,
				24E2CD8D226EA34E008A8E6A /* SizedImageView.swift */,
				24E2CD8B226B076E008A8E6A /* ElementSpacer.swift */,
				24E2CD89226AFFC6008A8E6A /* MenuHeaderView.swift */,
				24EF953B225A8FDB00BA8586 /* TwitterMenuSlideOut_UI */,
				24EF953A225A8FDB00BA8586 /* Products */,
			);
			sourceTree = "<group>";
		};
		24EF953A225A8FDB00BA8586 /* Products */ = {
			isa = PBXGroup;
			children = (
				24EF9539225A8FDB00BA8586 /* TwitterMenuSlideOut_UI.app */,
				24EF954D225A8FE100BA8586 /* TwitterMenuSlideOut_UIUITests.xctest */,
			);
			name = Products;
			sourceTree = "<group>";
		};
		24EF953B225A8FDB00BA8586 /* TwitterMenuSlideOut_UI */ = {
			isa = PBXGroup;
			children = (
				248DECB3226818DD007ED3DE /* BaseController */,
				24EF955C225AC02F00BA8586 /* MenuTableViewController.swift */,
				24EF953C225A8FDB00BA8586 /* AppDelegate.swift */,
				24EF953E225A8FDB00BA8586 /* ViewController.swift */,
				24EF9543225A8FE000BA8586 /* Assets.xcassets */,
				24EF9545225A8FE000BA8586 /* LaunchScreen.storyboard */,
				24EF9548225A8FE100BA8586 /* Info.plist */,
			);
			path = TwitterMenuSlideOut_UI;
			sourceTree = "<group>";
		};
/* End PBXGroup section */

/* Begin PBXNativeTarget section */
		24EF9538225A8FDB00BA8586 /* TwitterMenuSlideOut_UI */ = {
			isa = PBXNativeTarget;
			buildConfigurationList = 24EF9556225A8FE100BA8586 /* Build configuration list for PBXNativeTarget "TwitterMenuSlideOut_UI" */;
			buildPhases = (
				24EF9535225A8FDB00BA8586 /* Sources */,
				24EF9536225A8FDB00BA8586 /* Frameworks */,
				24EF9537225A8FDB00BA8586 /* Resources */,
			);
			buildRules = (
			);
			dependencies = (
			);
			name = TwitterMenuSlideOut_UI;
			productName = TwitterMenuSlideOut_UI;
			productReference = 24EF9539225A8FDB00BA8586 /* TwitterMenuSlideOut_UI.app */;
			productType = "com.apple.product-type.application";
		};
		24EF954C225A8FE100BA8586 /* TwitterMenuSlideOut_UIUITests */ = {
			isa = PBXNativeTarget;
			buildConfigurationList = 24EF9559225A8FE100BA8586 /* Build configuration list for PBXNativeTarget "TwitterMenuSlideOut_UIUITests" */;
			buildPhases = (
				24EF9549225A8FE100BA8586 /* Sources */,
				24EF954A225A8FE100BA8586 /* Frameworks */,
				24EF954B225A8FE100BA8586 /* Resources */,
			);
			buildRules = (
			);
			dependencies = (
				24EF954F225A8FE100BA8586 /* PBXTargetDependency */,
			);
			name = TwitterMenuSlideOut_UIUITests;
			productName = TwitterMenuSlideOut_UIUITests;
			productReference = 24EF954D225A8FE100BA8586 /* TwitterMenuSlideOut_UIUITests.xctest */;
			productType = "com.apple.product-type.bundle.ui-testing";
		};
/* End PBXNativeTarget section */

/* Begin PBXProject section */
		24EF9531225A8FDB00BA8586 /* Project object */ = {
			isa = PBXProject;
			attributes = {
				LastSwiftUpdateCheck = 1010;
				LastUpgradeCheck = 1010;
				ORGANIZATIONNAME = "Pranay Boggarapu";
				TargetAttributes = {
					24EF9538225A8FDB00BA8586 = {
						CreatedOnToolsVersion = 10.1;
					};
					24EF954C225A8FE100BA8586 = {
						CreatedOnToolsVersion = 10.1;
						TestTargetID = 24EF9538225A8FDB00BA8586;
					};
				};
			};
			buildConfigurationList = 24EF9534225A8FDB00BA8586 /* Build configuration list for PBXProject "TwitterMenuSlideOut_UI" */;
			compatibilityVersion = "Xcode 9.3";
			developmentRegion = en;
			hasScannedForEncodings = 0;
			knownRegions = (
				en,
				Base,
			);
			mainGroup = 24EF9530225A8FDB00BA8586;
			productRefGroup = 24EF953A225A8FDB00BA8586 /* Products */;
			projectDirPath = "";
			projectRoot = "";
			targets = (
				24EF9538225A8FDB00BA8586 /* TwitterMenuSlideOut_UI */,
				24EF954C225A8FE100BA8586 /* TwitterMenuSlideOut_UIUITests */,
			);
		};
/* End PBXProject section */

/* Begin PBXResourcesBuildPhase section */
		24EF9537225A8FDB00BA8586 /* Resources */ = {
			isa = PBXResourcesBuildPhase;
			buildActionMask = 2147483647;
			files = (
				24EF9547225A8FE000BA8586 /* LaunchScreen.storyboard in Resources */,
				24EF9544225A8FE000BA8586 /* Assets.xcassets in Resources */,
			);
			runOnlyForDeploymentPostprocessing = 0;
		};
		24EF954B225A8FE100BA8586 /* Resources */ = {
			isa = PBXResourcesBuildPhase;
			buildActionMask = 2147483647;
			files = (
			);
			runOnlyForDeploymentPostprocessing = 0;
		};
/* End PBXResourcesBuildPhase section */

/* Begin PBXSourcesBuildPhase section */
		24EF9535225A8FDB00BA8586 /* Sources */ = {
			isa = PBXSourcesBuildPhase;
			buildActionMask = 2147483647;
			files = (
				24E2CD8E226EA34E008A8E6A /* SizedImageView.swift in Sources */,
				24E2CD90226EB3DE008A8E6A /* MenuItemCellTableViewCell.swift in Sources */,
				24E2CD8C226B076E008A8E6A /* ElementSpacer.swift in Sources */,
				24EF953F225A8FDB00BA8586 /* ViewController.swift in Sources */,
				24EF953D225A8FDB00BA8586 /* AppDelegate.swift in Sources */,
				24E2CD8A226AFFC6008A8E6A /* MenuHeaderView.swift in Sources */,
				24D3CEC622717B0C00A7047E /* TwitterMenuTableViewController.swift in Sources */,
				24D3CEC42271511A00A7047E /* BookmarksViewController.swift in Sources */,
				248DECB522681903007ED3DE /* BaseSliderViewController.swift in Sources */,
				24D3CEC82271896600A7047E /* MenuTableViewCell.swift in Sources */,
				24EF955D225AC02F00BA8586 /* MenuTableViewController.swift in Sources */,
				245E49682270127100C87825 /* ListsControllerViewController.swift in Sources */,
				24E2CD92226EC9BD008A8E6A /* IconImageView.swift in Sources */,
			);
			runOnlyForDeploymentPostprocessing = 0;
		};
		24EF9549225A8FE100BA8586 /* Sources */ = {
			isa = PBXSourcesBuildPhase;
			buildActionMask = 2147483647;
			files = (
			);
			runOnlyForDeploymentPostprocessing = 0;
		};
/* End PBXSourcesBuildPhase section */

/* Begin PBXTargetDependency section */
		24EF954F225A8FE100BA8586 /* PBXTargetDependency */ = {
			isa = PBXTargetDependency;
			target = 24EF9538225A8FDB00BA8586 /* TwitterMenuSlideOut_UI */;
			targetProxy = 24EF954E225A8FE100BA8586 /* PBXContainerItemProxy */;
		};
/* End PBXTargetDependency section */

/* Begin PBXVariantGroup section */
		24EF9545225A8FE000BA8586 /* LaunchScreen.storyboard */ = {
			isa = PBXVariantGroup;
			children = (
				24EF9546225A8FE000BA8586 /* Base */,
			);
			name = LaunchScreen.storyboard;
			sourceTree = "<group>";
		};
/* End PBXVariantGroup section */

/* Begin XCBuildConfiguration section */
		24EF9554225A8FE100BA8586 /* Debug */ = {
			isa = XCBuildConfiguration;
			buildSettings = {
				ALWAYS_SEARCH_USER_PATHS = NO;
				CLANG_ANALYZER_NONNULL = YES;
				CLANG_ANALYZER_NUMBER_OBJECT_CONVERSION = YES_AGGRESSIVE;
				CLANG_CXX_LANGUAGE_STANDARD = "gnu++14";
				CLANG_CXX_LIBRARY = "libc++";
				CLANG_ENABLE_MODULES = YES;
				CLANG_ENABLE_OBJC_ARC = YES;
				CLANG_ENABLE_OBJC_WEAK = YES;
				CLANG_WARN_BLOCK_CAPTURE_AUTORELEASING = YES;
				CLANG_WARN_BOOL_CONVERSION = YES;
				CLANG_WARN_COMMA = YES;
				CLANG_WARN_CONSTANT_CONVERSION = YES;
				CLANG_WARN_DEPRECATED_OBJC_IMPLEMENTATIONS = YES;
				CLANG_WARN_DIRECT_OBJC_ISA_USAGE = YES_ERROR;
				CLANG_WARN_DOCUMENTATION_COMMENTS = YES;
				CLANG_WARN_EMPTY_BODY = YES;
				CLANG_WARN_ENUM_CONVERSION = YES;
				CLANG_WARN_INFINITE_RECURSION = YES;
				CLANG_WARN_INT_CONVERSION = YES;
				CLANG_WARN_NON_LITERAL_NULL_CONVERSION = YES;
				CLANG_WARN_OBJC_IMPLICIT_RETAIN_SELF = YES;
				CLANG_WARN_OBJC_LITERAL_CONVERSION = YES;
				CLANG_WARN_OBJC_ROOT_CLASS = YES_ERROR;
				CLANG_WARN_RANGE_LOOP_ANALYSIS = YES;
				CLANG_WARN_STRICT_PROTOTYPES = YES;
				CLANG_WARN_SUSPICIOUS_MOVE = YES;
				CLANG_WARN_UNGUARDED_AVAILABILITY = YES_AGGRESSIVE;
				CLANG_WARN_UNREACHABLE_CODE = YES;
				CLANG_WARN__DUPLICATE_METHOD_MATCH = YES;
				CODE_SIGN_IDENTITY = "iPhone Developer";
				COPY_PHASE_STRIP = NO;
				DEBUG_INFORMATION_FORMAT = dwarf;
				ENABLE_STRICT_OBJC_MSGSEND = YES;
				ENABLE_TESTABILITY = YES;
				GCC_C_LANGUAGE_STANDARD = gnu11;
				GCC_DYNAMIC_NO_PIC = NO;
				GCC_NO_COMMON_BLOCKS = YES;
				GCC_OPTIMIZATION_LEVEL = 0;
				GCC_PREPROCESSOR_DEFINITIONS = (
					"DEBUG=1",
					"$(inherited)",
				);
				GCC_WARN_64_TO_32_BIT_CONVERSION = YES;
				GCC_WARN_ABOUT_RETURN_TYPE = YES_ERROR;
				GCC_WARN_UNDECLARED_SELECTOR = YES;
				GCC_WARN_UNINITIALIZED_AUTOS = YES_AGGRESSIVE;
				GCC_WARN_UNUSED_FUNCTION = YES;
				GCC_WARN_UNUSED_VARIABLE = YES;
				IPHONEOS_DEPLOYMENT_TARGET = 12.1;
				MTL_ENABLE_DEBUG_INFO = INCLUDE_SOURCE;
				MTL_FAST_MATH = YES;
				ONLY_ACTIVE_ARCH = YES;
				SDKROOT = iphoneos;
				SWIFT_ACTIVE_COMPILATION_CONDITIONS = DEBUG;
				SWIFT_OPTIMIZATION_LEVEL = "-Onone";
			};
			name = Debug;
		};
		24EF9555225A8FE100BA8586 /* Release */ = {
			isa = XCBuildConfiguration;
			buildSettings = {
				ALWAYS_SEARCH_USER_PATHS = NO;
				CLANG_ANALYZER_NONNULL = YES;
				CLANG_ANALYZER_NUMBER_OBJECT_CONVERSION = YES_AGGRESSIVE;
				CLANG_CXX_LANGUAGE_STANDARD = "gnu++14";
				CLANG_CXX_LIBRARY = "libc++";
				CLANG_ENABLE_MODULES = YES;
				CLANG_ENABLE_OBJC_ARC = YES;
				CLANG_ENABLE_OBJC_WEAK = YES;
				CLANG_WARN_BLOCK_CAPTURE_AUTORELEASING = YES;
				CLANG_WARN_BOOL_CONVERSION = YES;
				CLANG_WARN_COMMA = YES;
				CLANG_WARN_CONSTANT_CONVERSION = YES;
				CLANG_WARN_DEPRECATED_OBJC_IMPLEMENTATIONS = YES;
				CLANG_WARN_DIRECT_OBJC_ISA_USAGE = YES_ERROR;
				CLANG_WARN_DOCUMENTATION_COMMENTS = YES;
				CLANG_WARN_EMPTY_BODY = YES;
				CLANG_WARN_ENUM_CONVERSION = YES;
				CLANG_WARN_INFINITE_RECURSION = YES;
				CLANG_WARN_INT_CONVERSION = YES;
				CLANG_WARN_NON_LITERAL_NULL_CONVERSION = YES;
				CLANG_WARN_OBJC_IMPLICIT_RETAIN_SELF = YES;
				CLANG_WARN_OBJC_LITERAL_CONVERSION = YES;
				CLANG_WARN_OBJC_ROOT_CLASS = YES_ERROR;
				CLANG_WARN_RANGE_LOOP_ANALYSIS = YES;
				CLANG_WARN_STRICT_PROTOTYPES = YES;
				CLANG_WARN_SUSPICIOUS_MOVE = YES;
				CLANG_WARN_UNGUARDED_AVAILABILITY = YES_AGGRESSIVE;
				CLANG_WARN_UNREACHABLE_CODE = YES;
				CLANG_WARN__DUPLICATE_METHOD_MATCH = YES;
				CODE_SIGN_IDENTITY = "iPhone Developer";
				COPY_PHASE_STRIP = NO;
				DEBUG_INFORMATION_FORMAT = "dwarf-with-dsym";
				ENABLE_NS_ASSERTIONS = NO;
				ENABLE_STRICT_OBJC_MSGSEND = YES;
				GCC_C_LANGUAGE_STANDARD = gnu11;
				GCC_NO_COMMON_BLOCKS = YES;
				GCC_WARN_64_TO_32_BIT_CONVERSION = YES;
				GCC_WARN_ABOUT_RETURN_TYPE = YES_ERROR;
				GCC_WARN_UNDECLARED_SELECTOR = YES;
				GCC_WARN_UNINITIALIZED_AUTOS = YES_AGGRESSIVE;
				GCC_WARN_UNUSED_FUNCTION = YES;
				GCC_WARN_UNUSED_VARIABLE = YES;
				IPHONEOS_DEPLOYMENT_TARGET = 12.1;
				MTL_ENABLE_DEBUG_INFO = NO;
				MTL_FAST_MATH = YES;
				SDKROOT = iphoneos;
				SWIFT_COMPILATION_MODE = wholemodule;
				SWIFT_OPTIMIZATION_LEVEL = "-O";
				VALIDATE_PRODUCT = YES;
			};
			name = Release;
		};
		24EF9557225A8FE100BA8586 /* Debug */ = {
			isa = XCBuildConfiguration;
			buildSettings = {
				ASSETCATALOG_COMPILER_APPICON_NAME = AppIcon;
				CODE_SIGN_STYLE = Automatic;
				DEVELOPMENT_TEAM = R34QXQ839Z;
				INFOPLIST_FILE = TwitterMenuSlideOut_UI/Info.plist;
				LD_RUNPATH_SEARCH_PATHS = (
					"$(inherited)",
					"@executable_path/Frameworks",
				);
				PRODUCT_BUNDLE_IDENTIFIER = "com.pranayboggarapu.TwitterMenuSlideOut-UI";
				PRODUCT_NAME = "$(TARGET_NAME)";
				SWIFT_VERSION = 4.2;
				TARGETED_DEVICE_FAMILY = "1,2";
			};
			name = Debug;
		};
		24EF9558225A8FE100BA8586 /* Release */ = {
			isa = XCBuildConfiguration;
			buildSettings = {
				ASSETCATALOG_COMPILER_APPICON_NAME = AppIcon;
				CODE_SIGN_STYLE = Automatic;
				DEVELOPMENT_TEAM = R34QXQ839Z;
				INFOPLIST_FILE = TwitterMenuSlideOut_UI/Info.plist;
				LD_RUNPATH_SEARCH_PATHS = (
					"$(inherited)",
					"@executable_path/Frameworks",
				);
				PRODUCT_BUNDLE_IDENTIFIER = "com.pranayboggarapu.TwitterMenuSlideOut-UI";
				PRODUCT_NAME = "$(TARGET_NAME)";
				SWIFT_VERSION = 4.2;
				TARGETED_DEVICE_FAMILY = "1,2";
			};
			name = Release;
		};
		24EF955A225A8FE100BA8586 /* Debug */ = {
			isa = XCBuildConfiguration;
			buildSettings = {
				ALWAYS_EMBED_SWIFT_STANDARD_LIBRARIES = YES;
				CODE_SIGN_STYLE = Automatic;
				DEVELOPMENT_TEAM = R34QXQ839Z;
				INFOPLIST_FILE = TwitterMenuSlideOut_UIUITests/Info.plist;
				LD_RUNPATH_SEARCH_PATHS = (
					"$(inherited)",
					"@executable_path/Frameworks",
					"@loader_path/Frameworks",
				);
				PRODUCT_BUNDLE_IDENTIFIER = "com.pranayboggarapu.TwitterMenuSlideOut-UIUITests";
				PRODUCT_NAME = "$(TARGET_NAME)";
				SWIFT_VERSION = 4.2;
				TARGETED_DEVICE_FAMILY = "1,2";
				TEST_TARGET_NAME = TwitterMenuSlideOut_UI;
			};
			name = Debug;
		};
		24EF955B225A8FE100BA8586 /* Release */ = {
			isa = XCBuildConfiguration;
			buildSettings = {
				ALWAYS_EMBED_SWIFT_STANDARD_LIBRARIES = YES;
				CODE_SIGN_STYLE = Automatic;
				DEVELOPMENT_TEAM = R34QXQ839Z;
				INFOPLIST_FILE = TwitterMenuSlideOut_UIUITests/Info.plist;
				LD_RUNPATH_SEARCH_PATHS = (
					"$(inherited)",
					"@executable_path/Frameworks",
					"@loader_path/Frameworks",
				);
				PRODUCT_BUNDLE_IDENTIFIER = "com.pranayboggarapu.TwitterMenuSlideOut-UIUITests";
				PRODUCT_NAME = "$(TARGET_NAME)";
				SWIFT_VERSION = 4.2;
				TARGETED_DEVICE_FAMILY = "1,2";
				TEST_TARGET_NAME = TwitterMenuSlideOut_UI;
			};
			name = Release;
		};
/* End XCBuildConfiguration section */

/* Begin XCConfigurationList section */
		24EF9534225A8FDB00BA8586 /* Build configuration list for PBXProject "TwitterMenuSlideOut_UI" */ = {
			isa = XCConfigurationList;
			buildConfigurations = (
				24EF9554225A8FE100BA8586 /* Debug */,
				24EF9555225A8FE100BA8586 /* Release */,
			);
			defaultConfigurationIsVisible = 0;
			defaultConfigurationName = Release;
		};
		24EF9556225A8FE100BA8586 /* Build configuration list for PBXNativeTarget "TwitterMenuSlideOut_UI" */ = {
			isa = XCConfigurationList;
			buildConfigurations = (
				24EF9557225A8FE100BA8586 /* Debug */,
				24EF9558225A8FE100BA8586 /* Release */,
			);
			defaultConfigurationIsVisible = 0;
			defaultConfigurationName = Release;
		};
		24EF9559225A8FE100BA8586 /* Build configuration list for PBXNativeTarget "TwitterMenuSlideOut_UIUITests" */ = {
			isa = XCConfigurationList;
			buildConfigurations = (
				24EF955A225A8FE100BA8586 /* Debug */,
				24EF955B225A8FE100BA8586 /* Release */,
			);
			defaultConfigurationIsVisible = 0;
			defaultConfigurationName = Release;
		};
/* End XCConfigurationList section */
	};
	rootObject = 24EF9531225A8FDB00BA8586 /* Project object */;
}
